
Microsoft Visual Studio Solution File, Format Version 12.00
# Visual Studio Version 17
VisualStudioVersion = 17.14.36518.9 d17.14
MinimumVisualStudioVersion = 10.0.40219.1
Project("{FAE04EC0-301F-11D3-BF4B-00C04F79EFBC}") = "masterpage2", "masterpage2\masterpage2.csproj", "{58FD0662-982F-43DD-B36E-D522E760033B}"
EndProject
Global
	GlobalSection(SolutionConfigurationPlatforms) = preSolution
		Debug|Any CPU = Debug|Any CPU
		Release|Any CPU = Release|Any CPU
	EndGlobalSection
	GlobalSection(ProjectConfigurationPlatforms) = postSolution
		{58FD0662-982F-43DD-B36E-D522E760033B}.Debug|Any CPU.ActiveCfg = Debug|Any CPU
		{58FD0662-982F-43DD-B36E-D522E760033B}.Debug|Any CPU.Build.0 = Debug|Any CPU
		{58FD0662-982F-43DD-B36E-D522E760033B}.Release|Any CPU.ActiveCfg = Release|Any CPU
		{58FD0662-982F-43DD-B36E-D522E760033B}.Release|Any CPU.Build.0 = Release|Any CPU
	EndGlobalSection
	GlobalSection(SolutionProperties) = preSolution
		HideSolutionNode = FALSE
	EndGlobalSection
	GlobalSection(ExtensibilityGlobals) = postSolution
		SolutionGuid = {2FE2B999-D230-42DB-A406-14767039C073}
	EndGlobalSection
EndGlobal
